# THIS IS AN AUTOGENERATED FILE. DO NOT EDIT THIS FILE DIRECTLY.
# yarn lockfile v1


core-util-is@~1.0.0:
  version "1.0.2"
  resolved "https://registry.yarnpkg.com/core-util-is/-/core-util-is-1.0.2.tgz#b5fd54220aa2bc5ab57aab7140c940754503c1a7"

csv-parser@1.11.0:
  version "1.11.0"
  resolved "https://registry.yarnpkg.com/csv-parser/-/csv-parser-1.11.0.tgz#cd92c3f49895a3c1591591035cbfbe6b51c55ab1"
  dependencies:
    generate-function "^1.0.1"
    generate-object-property "^1.0.0"
    inherits "^2.0.1"
    minimist "^1.2.0"
    ndjson "^1.4.0"

generate-function@^1.0.1:
  version "1.1.0"
  resolved "https://registry.yarnpkg.com/generate-function/-/generate-function-1.1.0.tgz#54c21b080192b16d9877779c5bb81666e772365f"

generate-object-property@^1.0.0:
  version "1.2.0"
  resolved "https://registry.yarnpkg.com/generate-object-property/-/generate-object-property-1.2.0.tgz#9c0e1c40308ce804f4783618b937fa88f99d50d0"
  dependencies:
    is-property "^1.0.0"

inherits@^2.0.1, inherits@~2.0.3:
  version "2.0.3"
  resolved "https://registry.yarnpkg.com/inherits/-/inherits-2.0.3.tgz#633c2c83e3da42a502f52466022480f4208261de"

is-property@^1.0.0:
  version "1.0.2"
  resolved "https://registry.yarnpkg.com/is-property/-/is-property-1.0.2.tgz#57fe1c4e48474edd65b09911f26b1cd4095dda84"

isarray@~1.0.0:
  version "1.0.0"
  resolved "https://registry.yarnpkg.com/isarray/-/isarray-1.0.0.tgz#bb935d48582cba168c06834957a54a3e07124f11"

json-stringify-safe@^5.0.1:
  version "5.0.1"
  resolved "https://registry.yarnpkg.com/json-stringify-safe/-/json-stringify-safe-5.0.1.tgz#1296a2d58fd45f19a0f6ce01d65701e2c735b6eb"

minimist@^1.2.0:
  version "1.2.0"
  resolved "https://registry.yarnpkg.com/minimist/-/minimist-1.2.0.tgz#a35008b20f41383eec1fb914f4cd5df79a264284"

ndjson@^1.4.0:
  version "1.5.0"
  resolved "https://registry.yarnpkg.com/ndjson/-/ndjson-1.5.0.tgz#ae603b36b134bcec347b452422b0bf98d5832ec8"
  dependencies:
    json-stringify-safe "^5.0.1"
    minimist "^1.2.0"
    split2 "^2.1.0"
    through2 "^2.0.3"

node-line-reader@^0.0.3:
  version "0.0.3"
  resolved "https://registry.yarnpkg.com/node-line-reader/-/node-line-reader-0.0.3.tgz#aaa9462cfd46b289cf1702148294b4f1e5c23382"

process-nextick-args@~2.0.0:
  version "2.0.0"
  resolved "https://registry.yarnpkg.com/process-nextick-args/-/process-nextick-args-2.0.0.tgz#a37d732f4271b4ab1ad070d35508e8290788ffaa"

readable-stream@~2.3.6:
  version "2.3.6"
  resolved "https://registry.yarnpkg.com/readable-stream/-/readable-stream-2.3.6.tgz#b11c27d88b8ff1fbe070643cf94b0c79ae1b0aaf"
  dependencies:
    core-util-is "~1.0.0"
    inherits "~2.0.3"
    isarray "~1.0.0"
    process-nextick-args "~2.0.0"
    safe-buffer "~5.1.1"
    string_decoder "~1.1.1"
    util-deprecate "~1.0.1"

safe-buffer@~5.1.0, safe-buffer@~5.1.1:
  version "5.1.2"
  resolved "https://registry.yarnpkg.com/safe-buffer/-/safe-buffer-5.1.2.tgz#991ec69d296e0313747d59bdfd2b745c35f8828d"

split2@^2.1.0:
  version "2.2.0"
  resolved "https://registry.yarnpkg.com/split2/-/split2-2.2.0.tgz#186b2575bcf83e85b7d18465756238ee4ee42493"
  dependencies:
    through2 "^2.0.2"

string_decoder@~1.1.1:
  version "1.1.1"
  resolved "https://registry.yarnpkg.com/string_decoder/-/string_decoder-1.1.1.tgz#9cf1611ba62685d7030ae9e4ba34149c3af03fc8"
  dependencies:
    safe-buffer "~5.1.0"

through2@^2.0.2, through2@^2.0.3:
  version "2.0.5"
  resolved "https://registry.yarnpkg.com/through2/-/through2-2.0.5.tgz#01c1e39eb31d07cb7d03a96a70823260b23132cd"
  dependencies:
    readable-stream "~2.3.6"
    xtend "~4.0.1"

util-deprecate@~1.0.1:
  version "1.0.2"
  resolved "https://registry.yarnpkg.com/util-deprecate/-/util-deprecate-1.0.2.tgz#450d4dc9fa70de732762fbd2d4a28981419a0ccf"

xtend@~4.0.1:
  version "4.0.1"
  resolved "https://registry.yarnpkg.com/xtend/-/xtend-4.0.1.tgz#a5c6d532be656e23db820efb943a1f04998d63af"
